
Microsoft Visual Studio Solution File, Format Version 12.00
# Visual Studio Version 16
VisualStudioVersion = 16.0.30804.86
MinimumVisualStudioVersion = 10.0.40219.1
Project("{FAE04EC0-301F-11D3-BF4B-00C04F79EFBC}") = "Game_Store_Racz_Christine.Android", "Game_Store_Racz_Christine.Android\Game_Store_Racz_Christine.Android.csproj", "{8E24D003-8DAC-41E2-9FD9-1799D07F9C92}"
EndProject
Project("{FAE04EC0-301F-11D3-BF4B-00C04F79EFBC}") = "Game_Store_Racz_Christine.iOS", "Game_Store_Racz_Christine.iOS\Game_Store_Racz_Christine.iOS.csproj", "{A6ACCDFD-49AC-46D2-8DA2-0DF346CDE148}"
EndProject
Project("{FAE04EC0-301F-11D3-BF4B-00C04F79EFBC}") = "Game_Store_Racz_Christine", "Game_Store_Racz_Christine\Game_Store_Racz_Christine.csproj", "{26BC1F05-F64A-45A6-88A9-B27A58FD327A}"
EndProject
Global
	GlobalSection(SolutionConfigurationPlatforms) = preSolution
		Debug|Any CPU = Debug|Any CPU
		Debug|iPhone = Debug|iPhone
		Debug|iPhoneSimulator = Debug|iPhoneSimulator
		Release|Any CPU = Release|Any CPU
		Release|iPhone = Release|iPhone
		Release|iPhoneSimulator = Release|iPhoneSimulator
	EndGlobalSection
	GlobalSection(ProjectConfigurationPlatforms) = postSolution
		{8E24D003-8DAC-41E2-9FD9-1799D07F9C92}.Debug|Any CPU.ActiveCfg = Debug|Any CPU
		{8E24D003-8DAC-41E2-9FD9-1799D07F9C92}.Debug|Any CPU.Build.0 = Debug|Any CPU
		{8E24D003-8DAC-41E2-9FD9-1799D07F9C92}.Debug|Any CPU.Deploy.0 = Debug|Any CPU
		{8E24D003-8DAC-41E2-9FD9-1799D07F9C92}.Debug|iPhone.ActiveCfg = Debug|Any CPU
		{8E24D003-8DAC-41E2-9FD9-1799D07F9C92}.Debug|iPhone.Build.0 = Debug|Any CPU
		{8E24D003-8DAC-41E2-9FD9-1799D07F9C92}.Debug|iPhone.Deploy.0 = Debug|Any CPU
		{8E24D003-8DAC-41E2-9FD9-1799D07F9C92}.Debug|iPhoneSimulator.ActiveCfg = Debug|Any CPU
		{8E24D003-8DAC-41E2-9FD9-1799D07F9C92}.Debug|iPhoneSimulator.Build.0 = Debug|Any CPU
		{8E24D003-8DAC-41E2-9FD9-1799D07F9C92}.Debug|iPhoneSimulator.Deploy.0 = Debug|Any CPU
		{8E24D003-8DAC-41E2-9FD9-1799D07F9C92}.Release|Any CPU.ActiveCfg = Release|Any CPU
		{8E24D003-8DAC-41E2-9FD9-1799D07F9C92}.Release|Any CPU.Build.0 = Release|Any CPU
		{8E24D003-8DAC-41E2-9FD9-1799D07F9C92}.Release|Any CPU.Deploy.0 = Release|Any CPU
		{8E24D003-8DAC-41E2-9FD9-1799D07F9C92}.Release|iPhone.ActiveCfg = Release|Any CPU
		{8E24D003-8DAC-41E2-9FD9-1799D07F9C92}.Release|iPhone.Build.0 = Release|Any CPU
		{8E24D003-8DAC-41E2-9FD9-1799D07F9C92}.Release|iPhone.Deploy.0 = Release|Any CPU
		{8E24D003-8DAC-41E2-9FD9-1799D07F9C92}.Release|iPhoneSimulator.ActiveCfg = Release|Any CPU
		{8E24D003-8DAC-41E2-9FD9-1799D07F9C92}.Release|iPhoneSimulator.Build.0 = Release|Any CPU
		{8E24D003-8DAC-41E2-9FD9-1799D07F9C92}.Release|iPhoneSimulator.Deploy.0 = Release|Any CPU
		{A6ACCDFD-49AC-46D2-8DA2-0DF346CDE148}.Debug|Any CPU.ActiveCfg = Debug|iPhone
		{A6ACCDFD-49AC-46D2-8DA2-0DF346CDE148}.Debug|Any CPU.Build.0 = Debug|iPhone
		{A6ACCDFD-49AC-46D2-8DA2-0DF346CDE148}.Debug|Any CPU.Deploy.0 = Debug|iPhone
		{A6ACCDFD-49AC-46D2-8DA2-0DF346CDE148}.Debug|iPhone.ActiveCfg = Debug|iPhone
		{A6ACCDFD-49AC-46D2-8DA2-0DF346CDE148}.Debug|iPhone.Build.0 = Debug|iPhone
		{A6ACCDFD-49AC-46D2-8DA2-0DF346CDE148}.Debug|iPhone.Deploy.0 = Debug|iPhone
		{A6ACCDFD-49AC-46D2-8DA2-0DF346CDE148}.Debug|iPhoneSimulator.ActiveCfg = Debug|iPhoneSimulator
		{A6ACCDFD-49AC-46D2-8DA2-0DF346CDE148}.Debug|iPhoneSimulator.Build.0 = Debug|iPhoneSimulator
		{A6ACCDFD-49AC-46D2-8DA2-0DF346CDE148}.Debug|iPhoneSimulator.Deploy.0 = Debug|iPhoneSimulator
		{A6ACCDFD-49AC-46D2-8DA2-0DF346CDE148}.Release|Any CPU.ActiveCfg = Release|iPhoneSimulator
		{A6ACCDFD-49AC-46D2-8DA2-0DF346CDE148}.Release|Any CPU.Build.0 = Release|iPhoneSimulator
		{A6ACCDFD-49AC-46D2-8DA2-0DF346CDE148}.Release|Any CPU.Deploy.0 = Release|iPhoneSimulator
		{A6ACCDFD-49AC-46D2-8DA2-0DF346CDE148}.Release|iPhone.ActiveCfg = Release|iPhone
		{A6ACCDFD-49AC-46D2-8DA2-0DF346CDE148}.Release|iPhone.Build.0 = Release|iPhone
		{A6ACCDFD-49AC-46D2-8DA2-0DF346CDE148}.Release|iPhone.Deploy.0 = Release|iPhone
		{A6ACCDFD-49AC-46D2-8DA2-0DF346CDE148}.Release|iPhoneSimulator.ActiveCfg = Release|iPhoneSimulator
		{A6ACCDFD-49AC-46D2-8DA2-0DF346CDE148}.Release|iPhoneSimulator.Build.0 = Release|iPhoneSimulator
		{A6ACCDFD-49AC-46D2-8DA2-0DF346CDE148}.Release|iPhoneSimulator.Deploy.0 = Release|iPhoneSimulator
		{26BC1F05-F64A-45A6-88A9-B27A58FD327A}.Debug|Any CPU.ActiveCfg = Debug|Any CPU
		{26BC1F05-F64A-45A6-88A9-B27A58FD327A}.Debug|Any CPU.Build.0 = Debug|Any CPU
		{26BC1F05-F64A-45A6-88A9-B27A58FD327A}.Debug|Any CPU.Deploy.0 = Debug|Any CPU
		{26BC1F05-F64A-45A6-88A9-B27A58FD327A}.Debug|iPhone.ActiveCfg = Debug|Any CPU
		{26BC1F05-F64A-45A6-88A9-B27A58FD327A}.Debug|iPhone.Build.0 = Debug|Any CPU
		{26BC1F05-F64A-45A6-88A9-B27A58FD327A}.Debug|iPhone.Deploy.0 = Debug|Any CPU
		{26BC1F05-F64A-45A6-88A9-B27A58FD327A}.Debug|iPhoneSimulator.ActiveCfg = Debug|Any CPU
		{26BC1F05-F64A-45A6-88A9-B27A58FD327A}.Debug|iPhoneSimulator.Build.0 = Debug|Any CPU
		{26BC1F05-F64A-45A6-88A9-B27A58FD327A}.Debug|iPhoneSimulator.Deploy.0 = Debug|Any CPU
		{26BC1F05-F64A-45A6-88A9-B27A58FD327A}.Release|Any CPU.ActiveCfg = Release|Any CPU
		{26BC1F05-F64A-45A6-88A9-B27A58FD327A}.Release|Any CPU.Build.0 = Release|Any CPU
		{26BC1F05-F64A-45A6-88A9-B27A58FD327A}.Release|Any CPU.Deploy.0 = Release|Any CPU
		{26BC1F05-F64A-45A6-88A9-B27A58FD327A}.Release|iPhone.ActiveCfg = Release|Any CPU
		{26BC1F05-F64A-45A6-88A9-B27A58FD327A}.Release|iPhone.Build.0 = Release|Any CPU
		{26BC1F05-F64A-45A6-88A9-B27A58FD327A}.Release|iPhone.Deploy.0 = Release|Any CPU
		{26BC1F05-F64A-45A6-88A9-B27A58FD327A}.Release|iPhoneSimulator.ActiveCfg = Release|Any CPU
		{26BC1F05-F64A-45A6-88A9-B27A58FD327A}.Release|iPhoneSimulator.Build.0 = Release|Any CPU
		{26BC1F05-F64A-45A6-88A9-B27A58FD327A}.Release|iPhoneSimulator.Deploy.0 = Release|Any CPU
	EndGlobalSection
	GlobalSection(SolutionProperties) = preSolution
		HideSolutionNode = FALSE
	EndGlobalSection
	GlobalSection(ExtensibilityGlobals) = postSolution
		SolutionGuid = {8D360ED4-4311-47A6-9FC1-3CFB9A790796}
	EndGlobalSection
EndGlobal
